
Microsoft Visual Studio Solution File, Format Version 12.00
# Visual Studio Version 17
VisualStudioVersion = 17.14.36623.8 d17.14
MinimumVisualStudioVersion = 10.0.40219.1
Project("{FAE04EC0-301F-11D3-BF4B-00C04F79EFBC}") = "PDF_Comparison_UI", "PDF_Comparison_UI\PDF_Comparison_UI.csproj", "{7E724502-4D2A-4D64-B3F0-3FB751A3B034}"
EndProject
Global
	GlobalSection(SolutionConfigurationPlatforms) = preSolution
		Debug|Any CPU = Debug|Any CPU
		Release|Any CPU = Release|Any CPU
	EndGlobalSection
	GlobalSection(ProjectConfigurationPlatforms) = postSolution
		{7E724502-4D2A-4D64-B3F0-3FB751A3B034}.Debug|Any CPU.ActiveCfg = Debug|Any CPU
		{7E724502-4D2A-4D64-B3F0-3FB751A3B034}.Debug|Any CPU.Build.0 = Debug|Any CPU
		{7E724502-4D2A-4D64-B3F0-3FB751A3B034}.Release|Any CPU.ActiveCfg = Release|Any CPU
		{7E724502-4D2A-4D64-B3F0-3FB751A3B034}.Release|Any CPU.Build.0 = Release|Any CPU
	EndGlobalSection
	GlobalSection(SolutionProperties) = preSolution
		HideSolutionNode = FALSE
	EndGlobalSection
	GlobalSection(ExtensibilityGlobals) = postSolution
		SolutionGuid = {6BC07C0F-2D34-4DFF-883E-2E5840572E67}
	EndGlobalSection
EndGlobal
